
Microsoft Visual Studio Solution File, Format Version 11.00
# Visual Studio 2010
Project("{FAE04EC0-301F-11D3-BF4B-00C04F79EFBC}") = "Assembly-CSharp", "Assembly-CSharp.csproj", "{b129ec17-651b-4b5e-cdfd-611cfd56d584}"
EndProject
Project("{FAE04EC0-301F-11D3-BF4B-00C04F79EFBC}") = "Assembly-CSharp-Editor", "Assembly-CSharp-Editor.csproj", "{5bc3314d-b2b3-7f20-c7af-b9d49e50afaf}"
EndProject
Global
	GlobalSection(SolutionConfigurationPlatforms) = preSolution
		Debug|Any CPU = Debug|Any CPU
	EndGlobalSection
	GlobalSection(ProjectConfigurationPlatforms) = postSolution
		{b129ec17-651b-4b5e-cdfd-611cfd56d584}.Debug|Any CPU.ActiveCfg = Debug|Any CPU
		{b129ec17-651b-4b5e-cdfd-611cfd56d584}.Debug|Any CPU.Build.0 = Debug|Any CPU
		{5bc3314d-b2b3-7f20-c7af-b9d49e50afaf}.Debug|Any CPU.ActiveCfg = Debug|Any CPU
		{5bc3314d-b2b3-7f20-c7af-b9d49e50afaf}.Debug|Any CPU.Build.0 = Debug|Any CPU
	EndGlobalSection
	GlobalSection(SolutionProperties) = preSolution
		HideSolutionNode = FALSE
	EndGlobalSection
EndGlobal
